// !$*UTF8*$!
{
	archiveVersion = 1;
	classes = {
	};
	objectVersion = 50;
	objects = {

/* Begin PBXBuildFile section */
		24B01980213F5FC700E34292 /* AppDelegate.swift in Sources */ = {isa = PBXBuildFile; fileRef = 24B0197F213F5FC700E34292 /* AppDelegate.swift */; };
		24B01982213F5FC700E34292 /* ViewController.swift in Sources */ = {isa = PBXBuildFile; fileRef = 24B01981213F5FC700E34292 /* ViewController.swift */; };
		24B01985213F5FC700E34292 /* Main.storyboard in Resources */ = {isa = PBXBuildFile; fileRef = 24B01983213F5FC700E34292 /* Main.storyboard */; };
		24B01988213F5FC700E34292 /* hello.xcdatamodeld in Sources */ = {isa = PBXBuildFile; fileRef = 24B01986213F5FC700E34292 /* hello.xcdatamodeld */; };
		24B0198A213F5FC800E34292 /* Assets.xcassets in Resources */ = {isa = PBXBuildFile; fileRef = 24B01989213F5FC800E34292 /* Assets.xcassets */; };
		24B0198D213F5FC800E34292 /* LaunchScreen.storyboard in Resources */ = {isa = PBXBuildFile; fileRef = 24B0198B213F5FC800E34292 /* LaunchScreen.storyboard */; };
		24B01998213F5FC800E34292 /* helloTests.swift in Sources */ = {isa = PBXBuildFile; fileRef = 24B01997213F5FC800E34292 /* helloTests.swift */; };
		24B019A3213F5FC800E34292 /* helloUITests.swift in Sources */ = {isa = PBXBuildFile; fileRef = 24B019A2213F5FC800E34292 /* helloUITests.swift */; };
/* End PBXBuildFile section */

/* Begin PBXContainerItemProxy section */
		24B01994213F5FC800E34292 /* PBXContainerItemProxy */ = {
			isa = PBXContainerItemProxy;
			containerPortal = 24B01974213F5FC700E34292 /* Project object */;
			proxyType = 1;
			remoteGlobalIDString = 24B0197B213F5FC700E34292;
			remoteInfo = hello;
		};
		24B0199F213F5FC800E34292 /* PBXContainerItemProxy */ = {
			isa = PBXContainerItemProxy;
			containerPortal = 24B01974213F5FC700E34292 /* Project object */;
			proxyType = 1;
			remoteGlobalIDString = 24B0197B213F5FC700E34292;
			remoteInfo = hello;
		};
/* End PBXContainerItemProxy section */

/* Begin PBXFileReference section */
		24B0197C213F5FC700E34292 /* hello.app */ = {isa = PBXFileReference; explicitFileType = wrapper.application; includeInIndex = 0; path = hello.app; sourceTree = BUILT_PRODUCTS_DIR; };
		24B0197F213F5FC700E34292 /* AppDelegate.swift */ = {isa = PBXFileReference; lastKnownFileType = sourcecode.swift; path = AppDelegate.swift; sourceTree = "<group>"; };
		24B01981213F5FC700E34292 /* ViewController.swift */ = {isa = PBXFileReference; lastKnownFileType = sourcecode.swift; path = ViewController.swift; sourceTree = "<group>"; };
		24B01984213F5FC700E34292 /* Base */ = {isa = PBXFileReference; lastKnownFileType = file.storyboard; name = Base; path = Base.lproj/Main.storyboard; sourceTree = "<group>"; };
		24B01987213F5FC700E34292 /* hello.xcdatamodel */ = {isa = PBXFileReference; lastKnownFileType = wrapper.xcdatamodel; path = hello.xcdatamodel; sourceTree = "<group>"; };
		24B01989213F5FC800E34292 /* Assets.xcassets */ = {isa = PBXFileReference; lastKnownFileType = folder.assetcatalog; path = Assets.xcassets; sourceTree = "<group>"; };
		24B0198C213F5FC800E34292 /* Base */ = {isa = PBXFileReference; lastKnownFileType = file.storyboard; name = Base; path = Base.lproj/LaunchScreen.storyboard; sourceTree = "<group>"; };
		24B0198E213F5FC800E34292 /* Info.plist */ = {isa = PBXFileReference; lastKnownFileType = text.plist.xml; path = Info.plist; sourceTree = "<group>"; };
		24B01993213F5FC800E34292 /* helloTests.xctest */ = {isa = PBXFileReference; explicitFileType = wrapper.cfbundle; includeInIndex = 0; path = helloTests.xctest; sourceTree = BUILT_PRODUCTS_DIR; };
		24B01997213F5FC800E34292 /* helloTests.swift */ = {isa = PBXFileReference; lastKnownFileType = sourcecode.swift; path = helloTests.swift; sourceTree = "<group>"; };
		24B01999213F5FC800E34292 /* Info.plist */ = {isa = PBXFileReference; lastKnownFileType = text.plist.xml; path = Info.plist; sourceTree = "<group>"; };
		24B0199E213F5FC800E34292 /* helloUITests.xctest */ = {isa = PBXFileReference; explicitFileType = wrapper.cfbundle; includeInIndex = 0; path = helloUITests.xctest; sourceTree = BUILT_PRODUCTS_DIR; };
		24B019A2213F5FC800E34292 /* helloUITests.swift */ = {isa = PBXFileReference; lastKnownFileType = sourcecode.swift; path = helloUITests.swift; sourceTree = "<group>"; };
		24B019A4213F5FC800E34292 /* Info.plist */ = {isa = PBXFileReference; lastKnownFileType = text.plist.xml; path = Info.plist; sourceTree = "<group>"; };
/* End PBXFileReference section */

/* Begin PBXFrameworksBuildPhase section */
		24B01979213F5FC700E34292 /* Frameworks */ = {
			isa = PBXFrameworksBuildPhase;
			buildActionMask = 2147483647;
			files = (
			);
			runOnlyForDeploymentPostprocessing = 0;
		};
		24B01990213F5FC800E34292 /* Frameworks */ = {
			isa = PBXFrameworksBuildPhase;
			buildActionMask = 2147483647;
			files = (
			);
			runOnlyForDeploymentPostprocessing = 0;
		};
		24B0199B213F5FC800E34292 /* Frameworks */ = {
			isa = PBXFrameworksBuildPhase;
			buildActionMask = 2147483647;
			files = (
			);
			runOnlyForDeploymentPostprocessing = 0;
		};
/* End PBXFrameworksBuildPhase section */

/* Begin PBXGroup section */
		24B01973213F5FC700E34292 = {
			isa = PBXGroup;
			children = (
				24B0197E213F5FC700E34292 /* hello */,
				24B01996213F5FC800E34292 /* helloTests */,
				24B019A1213F5FC800E34292 /* helloUITests */,
				24B0197D213F5FC700E34292 /* Products */,
			);
			sourceTree = "<group>";
		};
		24B0197D213F5FC700E34292 /* Products */ = {
			isa = PBXGroup;
			children = (
				24B0197C213F5FC700E34292 /* hello.app */,
				24B01993213F5FC800E34292 /* helloTests.xctest */,
				24B0199E213F5FC800E34292 /* helloUITests.xctest */,
			);
			name = Products;
			sourceTree = "<group>";
		};
		24B0197E213F5FC700E34292 /* hello */ = {
			isa = PBXGroup;
			children = (
				24B0197F213F5FC700E34292 /* AppDelegate.swift */,
				24B01981213F5FC700E34292 /* ViewController.swift */,
				24B01983213F5FC700E34292 /* Main.storyboard */,
				24B01989213F5FC800E34292 /* Assets.xcassets */,
				24B0198B213F5FC800E34292 /* LaunchScreen.storyboard */,
				24B0198E213F5FC800E34292 /* Info.plist */,
				24B01986213F5FC700E34292 /* hello.xcdatamodeld */,
			);
			path = hello;
			sourceTree = "<group>";
		};
		24B01996213F5FC800E34292 /* helloTests */ = {
			isa = PBXGroup;
			children = (
				24B01997213F5FC800E34292 /* helloTests.swift */,
				24B01999213F5FC800E34292 /* Info.plist */,
			);
			path = helloTests;
			sourceTree = "<group>";
		};
		24B019A1213F5FC800E34292 /* helloUITests */ = {
			isa = PBXGroup;
			children = (
				24B019A2213F5FC800E34292 /* helloUITests.swift */,
				24B019A4213F5FC800E34292 /* Info.plist */,
			);
			path = helloUITests;
			sourceTree = "<group>";
		};
/* End PBXGroup section */

/* Begin PBXNativeTarget section */
		24B0197B213F5FC700E34292 /* hello */ = {
			isa = PBXNativeTarget;
			buildConfigurationList = 24B019A7213F5FC800E34292 /* Build configuration list for PBXNativeTarget "hello" */;
			buildPhases = (
				24B01978213F5FC700E34292 /* Sources */,
				24B01979213F5FC700E34292 /* Frameworks */,
				24B0197A213F5FC700E34292 /* Resources */,
			);
			buildRules = (
			);
			dependencies = (
			);
			name = hello;
			productName = hello;
			productReference = 24B0197C213F5FC700E34292 /* hello.app */;
			productType = "com.apple.product-type.application";
		};
		24B01992213F5FC800E34292 /* helloTests */ = {
			isa = PBXNativeTarget;
			buildConfigurationList = 24B019AA213F5FC800E34292 /* Build configuration list for PBXNativeTarget "helloTests" */;
			buildPhases = (
				24B0198F213F5FC800E34292 /* Sources */,
				24B01990213F5FC800E34292 /* Frameworks */,
				24B01991213F5FC800E34292 /* Resources */,
			);
			buildRules = (
			);
			dependencies = (
				24B01995213F5FC800E34292 /* PBXTargetDependency */,
			);
			name = helloTests;
			productName = helloTests;
			productReference = 24B01993213F5FC800E34292 /* helloTests.xctest */;
			productType = "com.apple.product-type.bundle.unit-test";
		};
		24B0199D213F5FC800E34292 /* helloUITests */ = {
			isa = PBXNativeTarget;
			buildConfigurationList = 24B019AD213F5FC800E34292 /* Build configuration list for PBXNativeTarget "helloUITests" */;
			buildPhases = (
				24B0199A213F5FC800E34292 /* Sources */,
				24B0199B213F5FC800E34292 /* Frameworks */,
				24B0199C213F5FC800E34292 /* Resources */,
			);
			buildRules = (
			);
			dependencies = (
				24B019A0213F5FC800E34292 /* PBXTargetDependency */,
			);
			name = helloUITests;
			productName = helloUITests;
			productReference = 24B0199E213F5FC800E34292 /* helloUITests.xctest */;
			productType = "com.apple.product-type.bundle.ui-testing";
		};
/* End PBXNativeTarget section */

/* Begin PBXProject section */
		24B01974213F5FC700E34292 /* Project object */ = {
			isa = PBXProject;
			attributes = {
				LastSwiftUpdateCheck = 0940;
				LastUpgradeCheck = 0940;
				ORGANIZATIONNAME = "林少";
				TargetAttributes = {
					24B0197B213F5FC700E34292 = {
						CreatedOnToolsVersion = 9.4.1;
					};
					24B01992213F5FC800E34292 = {
						CreatedOnToolsVersion = 9.4.1;
						TestTargetID = 24B0197B213F5FC700E34292;
					};
					24B0199D213F5FC800E34292 = {
						CreatedOnToolsVersion = 9.4.1;
						TestTargetID = 24B0197B213F5FC700E34292;
					};
				};
			};
			buildConfigurationList = 24B01977213F5FC700E34292 /* Build configuration list for PBXProject "hello" */;
			compatibilityVersion = "Xcode 9.3";
			developmentRegion = en;
			hasScannedForEncodings = 0;
			knownRegions = (
				en,
				Base,
			);
			mainGroup = 24B01973213F5FC700E34292;
			productRefGroup = 24B0197D213F5FC700E34292 /* Products */;
			projectDirPath = "";
			projectRoot = "";
			targets = (
				24B0197B213F5FC700E34292 /* hello */,
				24B01992213F5FC800E34292 /* helloTests */,
				24B0199D213F5FC800E34292 /* helloUITests */,
			);
		};
/* End PBXProject section */

/* Begin PBXResourcesBuildPhase section */
		24B0197A213F5FC700E34292 /* Resources */ = {
			isa = PBXResourcesBuildPhase;
			buildActionMask = 2147483647;
			files = (
				24B0198D213F5FC800E34292 /* LaunchScreen.storyboard in Resources */,
				24B0198A213F5FC800E34292 /* Assets.xcassets in Resources */,
				24B01985213F5FC700E34292 /* Main.storyboard in Resources */,
			);
			runOnlyForDeploymentPostprocessing = 0;
		};
		24B01991213F5FC800E34292 /* Resources */ = {
			isa = PBXResourcesBuildPhase;
			buildActionMask = 2147483647;
			files = (
			);
			runOnlyForDeploymentPostprocessing = 0;
		};
		24B0199C213F5FC800E34292 /* Resources */ = {
			isa = PBXResourcesBuildPhase;
			buildActionMask = 2147483647;
			files = (
			);
			runOnlyForDeploymentPostprocessing = 0;
		};
/* End PBXResourcesBuildPhase section */

/* Begin PBXSourcesBuildPhase section */
		24B01978213F5FC700E34292 /* Sources */ = {
			isa = PBXSourcesBuildPhase;
			buildActionMask = 2147483647;
			files = (
				24B01982213F5FC700E34292 /* ViewController.swift in Sources */,
				24B01988213F5FC700E34292 /* hello.xcdatamodeld in Sources */,
				24B01980213F5FC700E34292 /* AppDelegate.swift in Sources */,
			);
			runOnlyForDeploymentPostprocessing = 0;
		};
		24B0198F213F5FC800E34292 /* Sources */ = {
			isa = PBXSourcesBuildPhase;
			buildActionMask = 2147483647;
			files = (
				24B01998213F5FC800E34292 /* helloTests.swift in Sources */,
			);
			runOnlyForDeploymentPostprocessing = 0;
		};
		24B0199A213F5FC800E34292 /* Sources */ = {
			isa = PBXSourcesBuildPhase;
			buildActionMask = 2147483647;
			files = (
				24B019A3213F5FC800E34292 /* helloUITests.swift in Sources */,
			);
			runOnlyForDeploymentPostprocessing = 0;
		};
/* End PBXSourcesBuildPhase section */

/* Begin PBXTargetDependency section */
		24B01995213F5FC800E34292 /* PBXTargetDependency */ = {
			isa = PBXTargetDependency;
			target = 24B0197B213F5FC700E34292 /* hello */;
			targetProxy = 24B01994213F5FC800E34292 /* PBXContainerItemProxy */;
		};
		24B019A0213F5FC800E34292 /* PBXTargetDependency */ = {
			isa = PBXTargetDependency;
			target = 24B0197B213F5FC700E34292 /* hello */;
			targetProxy = 24B0199F213F5FC800E34292 /* PBXContainerItemProxy */;
		};
/* End PBXTargetDependency section */

/* Begin PBXVariantGroup section */
		24B01983213F5FC700E34292 /* Main.storyboard */ = {
			isa = PBXVariantGroup;
			children = (
				24B01984213F5FC700E34292 /* Base */,
			);
			name = Main.storyboard;
			sourceTree = "<group>";
		};
		24B0198B213F5FC800E34292 /* LaunchScreen.storyboard */ = {
			isa = PBXVariantGroup;
			children = (
				24B0198C213F5FC800E34292 /* Base */,
			);
			name = LaunchScreen.storyboard;
			sourceTree = "<group>";
		};
/* End PBXVariantGroup section */

/* Begin XCBuildConfiguration section */
		24B019A5213F5FC800E34292 /* Debug */ = {
			isa = XCBuildConfiguration;
			buildSettings = {
				ALWAYS_SEARCH_USER_PATHS = NO;
				CLANG_ANALYZER_NONNULL = YES;
				CLANG_ANALYZER_NUMBER_OBJECT_CONVERSION = YES_AGGRESSIVE;
				CLANG_CXX_LANGUAGE_STANDARD = "gnu++14";
				CLANG_CXX_LIBRARY = "libc++";
				CLANG_ENABLE_MODULES = YES;
				CLANG_ENABLE_OBJC_ARC = YES;
				CLANG_ENABLE_OBJC_WEAK = YES;
				CLANG_WARN_BLOCK_CAPTURE_AUTORELEASING = YES;
				CLANG_WARN_BOOL_CONVERSION = YES;
				CLANG_WARN_COMMA = YES;
				CLANG_WARN_CONSTANT_CONVERSION = YES;
				CLANG_WARN_DEPRECATED_OBJC_IMPLEMENTATIONS = YES;
				CLANG_WARN_DIRECT_OBJC_ISA_USAGE = YES_ERROR;
				CLANG_WARN_DOCUMENTATION_COMMENTS = YES;
				CLANG_WARN_EMPTY_BODY = YES;
				CLANG_WARN_ENUM_CONVERSION = YES;
				CLANG_WARN_INFINITE_RECURSION = YES;
				CLANG_WARN_INT_CONVERSION = YES;
				CLANG_WARN_NON_LITERAL_NULL_CONVERSION = YES;
				CLANG_WARN_OBJC_IMPLICIT_RETAIN_SELF = YES;
				CLANG_WARN_OBJC_LITERAL_CONVERSION = YES;
				CLANG_WARN_OBJC_ROOT_CLASS = YES_ERROR;
				CLANG_WARN_RANGE_LOOP_ANALYSIS = YES;
				CLANG_WARN_STRICT_PROTOTYPES = YES;
				CLANG_WARN_SUSPICIOUS_MOVE = YES;
				CLANG_WARN_UNGUARDED_AVAILABILITY = YES_AGGRESSIVE;
				CLANG_WARN_UNREACHABLE_CODE = YES;
				CLANG_WARN__DUPLICATE_METHOD_MATCH = YES;
				CODE_SIGN_IDENTITY = "iPhone Developer";
				COPY_PHASE_STRIP = NO;
				DEBUG_INFORMATION_FORMAT = dwarf;
				ENABLE_STRICT_OBJC_MSGSEND = YES;
				ENABLE_TESTABILITY = YES;
				GCC_C_LANGUAGE_STANDARD = gnu11;
				GCC_DYNAMIC_NO_PIC = NO;
				GCC_NO_COMMON_BLOCKS = YES;
				GCC_OPTIMIZATION_LEVEL = 0;
				GCC_PREPROCESSOR_DEFINITIONS = (
					"DEBUG=1",
					"$(inherited)",
				);
				GCC_WARN_64_TO_32_BIT_CONVERSION = YES;
				GCC_WARN_ABOUT_RETURN_TYPE = YES_ERROR;
				GCC_WARN_UNDECLARED_SELECTOR = YES;
				GCC_WARN_UNINITIALIZED_AUTOS = YES_AGGRESSIVE;
				GCC_WARN_UNUSED_FUNCTION = YES;
				GCC_WARN_UNUSED_VARIABLE = YES;
				IPHONEOS_DEPLOYMENT_TARGET = 11.4;
				MTL_ENABLE_DEBUG_INFO = YES;
				ONLY_ACTIVE_ARCH = YES;
				SDKROOT = iphoneos;
				SWIFT_ACTIVE_COMPILATION_CONDITIONS = DEBUG;
				SWIFT_OPTIMIZATION_LEVEL = "-Onone";
			};
			name = Debug;
		};
		24B019A6213F5FC800E34292 /* Release */ = {
			isa = XCBuildConfiguration;
			buildSettings = {
				ALWAYS_SEARCH_USER_PATHS = NO;
				CLANG_ANALYZER_NONNULL = YES;
				CLANG_ANALYZER_NUMBER_OBJECT_CONVERSION = YES_AGGRESSIVE;
				CLANG_CXX_LANGUAGE_STANDARD = "gnu++14";
				CLANG_CXX_LIBRARY = "libc++";
				CLANG_ENABLE_MODULES = YES;
				CLANG_ENABLE_OBJC_ARC = YES;
				CLANG_ENABLE_OBJC_WEAK = YES;
				CLANG_WARN_BLOCK_CAPTURE_AUTORELEASING = YES;
				CLANG_WARN_BOOL_CONVERSION = YES;
				CLANG_WARN_COMMA = YES;
				CLANG_WARN_CONSTANT_CONVERSION = YES;
				CLANG_WARN_DEPRECATED_OBJC_IMPLEMENTATIONS = YES;
				CLANG_WARN_DIRECT_OBJC_ISA_USAGE = YES_ERROR;
				CLANG_WARN_DOCUMENTATION_COMMENTS = YES;
				CLANG_WARN_EMPTY_BODY = YES;
				CLANG_WARN_ENUM_CONVERSION = YES;
				CLANG_WARN_INFINITE_RECURSION = YES;
				CLANG_WARN_INT_CONVERSION = YES;
				CLANG_WARN_NON_LITERAL_NULL_CONVERSION = YES;
				CLANG_WARN_OBJC_IMPLICIT_RETAIN_SELF = YES;
				CLANG_WARN_OBJC_LITERAL_CONVERSION = YES;
				CLANG_WARN_OBJC_ROOT_CLASS = YES_ERROR;
				CLANG_WARN_RANGE_LOOP_ANALYSIS = YES;
				CLANG_WARN_STRICT_PROTOTYPES = YES;
				CLANG_WARN_SUSPICIOUS_MOVE = YES;
				CLANG_WARN_UNGUARDED_AVAILABILITY = YES_AGGRESSIVE;
				CLANG_WARN_UNREACHABLE_CODE = YES;
				CLANG_WARN__DUPLICATE_METHOD_MATCH = YES;
				CODE_SIGN_IDENTITY = "iPhone Developer";
				COPY_PHASE_STRIP = NO;
				DEBUG_INFORMATION_FORMAT = "dwarf-with-dsym";
				ENABLE_NS_ASSERTIONS = NO;
				ENABLE_STRICT_OBJC_MSGSEND = YES;
				GCC_C_LANGUAGE_STANDARD = gnu11;
				GCC_NO_COMMON_BLOCKS = YES;
				GCC_WARN_64_TO_32_BIT_CONVERSION = YES;
				GCC_WARN_ABOUT_RETURN_TYPE = YES_ERROR;
				GCC_WARN_UNDECLARED_SELECTOR = YES;
				GCC_WARN_UNINITIALIZED_AUTOS = YES_AGGRESSIVE;
				GCC_WARN_UNUSED_FUNCTION = YES;
				GCC_WARN_UNUSED_VARIABLE = YES;
				IPHONEOS_DEPLOYMENT_TARGET = 11.4;
				MTL_ENABLE_DEBUG_INFO = NO;
				SDKROOT = iphoneos;
				SWIFT_COMPILATION_MODE = wholemodule;
				SWIFT_OPTIMIZATION_LEVEL = "-O";
				VALIDATE_PRODUCT = YES;
			};
			name = Release;
		};
		24B019A8213F5FC800E34292 /* Debug */ = {
			isa = XCBuildConfiguration;
			buildSettings = {
				ASSETCATALOG_COMPILER_APPICON_NAME = AppIcon;
				CODE_SIGN_STYLE = Automatic;
				INFOPLIST_FILE = hello/Info.plist;
				LD_RUNPATH_SEARCH_PATHS = (
					"$(inherited)",
					"@executable_path/Frameworks",
				);
				PRODUCT_BUNDLE_IDENTIFIER = linb.hello;
				PRODUCT_NAME = "$(TARGET_NAME)";
				SWIFT_VERSION = 4.0;
				TARGETED_DEVICE_FAMILY = "1,2";
			};
			name = Debug;
		};
		24B019A9213F5FC800E34292 /* Release */ = {
			isa = XCBuildConfiguration;
			buildSettings = {
				ASSETCATALOG_COMPILER_APPICON_NAME = AppIcon;
				CODE_SIGN_STYLE = Automatic;
				INFOPLIST_FILE = hello/Info.plist;
				LD_RUNPATH_SEARCH_PATHS = (
					"$(inherited)",
					"@executable_path/Frameworks",
				);
				PRODUCT_BUNDLE_IDENTIFIER = linb.hello;
				PRODUCT_NAME = "$(TARGET_NAME)";
				SWIFT_VERSION = 4.0;
				TARGETED_DEVICE_FAMILY = "1,2";
			};
			name = Release;
		};
		24B019AB213F5FC800E34292 /* Debug */ = {
			isa = XCBuildConfiguration;
			buildSettings = {
				ALWAYS_EMBED_SWIFT_STANDARD_LIBRARIES = YES;
				BUNDLE_LOADER = "$(TEST_HOST)";
				CODE_SIGN_STYLE = Automatic;
				INFOPLIST_FILE = helloTests/Info.plist;
				LD_RUNPATH_SEARCH_PATHS = (
					"$(inherited)",
					"@executable_path/Frameworks",
					"@loader_path/Frameworks",
				);
				PRODUCT_BUNDLE_IDENTIFIER = linb.helloTests;
				PRODUCT_NAME = "$(TARGET_NAME)";
				SWIFT_VERSION = 4.0;
				TARGETED_DEVICE_FAMILY = "1,2";
				TEST_HOST = "$(BUILT_PRODUCTS_DIR)/hello.app/hello";
			};
			name = Debug;
		};
		24B019AC213F5FC800E34292 /* Release */ = {
			isa = XCBuildConfiguration;
			buildSettings = {
				ALWAYS_EMBED_SWIFT_STANDARD_LIBRARIES = YES;
				BUNDLE_LOADER = "$(TEST_HOST)";
				CODE_SIGN_STYLE = Automatic;
				INFOPLIST_FILE = helloTests/Info.plist;
				LD_RUNPATH_SEARCH_PATHS = (
					"$(inherited)",
					"@executable_path/Frameworks",
					"@loader_path/Frameworks",
				);
				PRODUCT_BUNDLE_IDENTIFIER = linb.helloTests;
				PRODUCT_NAME = "$(TARGET_NAME)";
				SWIFT_VERSION = 4.0;
				TARGETED_DEVICE_FAMILY = "1,2";
				TEST_HOST = "$(BUILT_PRODUCTS_DIR)/hello.app/hello";
			};
			name = Release;
		};
		24B019AE213F5FC800E34292 /* Debug */ = {
			isa = XCBuildConfiguration;
			buildSettings = {
				ALWAYS_EMBED_SWIFT_STANDARD_LIBRARIES = YES;
				CODE_SIGN_STYLE = Automatic;
				INFOPLIST_FILE = helloUITests/Info.plist;
				LD_RUNPATH_SEARCH_PATHS = (
					"$(inherited)",
					"@executable_path/Frameworks",
					"@loader_path/Frameworks",
				);
				PRODUCT_BUNDLE_IDENTIFIER = linb.helloUITests;
				PRODUCT_NAME = "$(TARGET_NAME)";
				SWIFT_VERSION = 4.0;
				TARGETED_DEVICE_FAMILY = "1,2";
				TEST_TARGET_NAME = hello;
			};
			name = Debug;
		};
		24B019AF213F5FC800E34292 /* Release */ = {
			isa = XCBuildConfiguration;
			buildSettings = {
				ALWAYS_EMBED_SWIFT_STANDARD_LIBRARIES = YES;
				CODE_SIGN_STYLE = Automatic;
				INFOPLIST_FILE = helloUITests/Info.plist;
				LD_RUNPATH_SEARCH_PATHS = (
					"$(inherited)",
					"@executable_path/Frameworks",
					"@loader_path/Frameworks",
				);
				PRODUCT_BUNDLE_IDENTIFIER = linb.helloUITests;
				PRODUCT_NAME = "$(TARGET_NAME)";
				SWIFT_VERSION = 4.0;
				TARGETED_DEVICE_FAMILY = "1,2";
				TEST_TARGET_NAME = hello;
			};
			name = Release;
		};
/* End XCBuildConfiguration section */

/* Begin XCConfigurationList section */
		24B01977213F5FC700E34292 /* Build configuration list for PBXProject "hello" */ = {
			isa = XCConfigurationList;
			buildConfigurations = (
				24B019A5213F5FC800E34292 /* Debug */,
				24B019A6213F5FC800E34292 /* Release */,
			);
			defaultConfigurationIsVisible = 0;
			defaultConfigurationName = Release;
		};
		24B019A7213F5FC800E34292 /* Build configuration list for PBXNativeTarget "hello" */ = {
			isa = XCConfigurationList;
			buildConfigurations = (
				24B019A8213F5FC800E34292 /* Debug */,
				24B019A9213F5FC800E34292 /* Release */,
			);
			defaultConfigurationIsVisible = 0;
			defaultConfigurationName = Release;
		};
		24B019AA213F5FC800E34292 /* Build configuration list for PBXNativeTarget "helloTests" */ = {
			isa = XCConfigurationList;
			buildConfigurations = (
				24B019AB213F5FC800E34292 /* Debug */,
				24B019AC213F5FC800E34292 /* Release */,
			);
			defaultConfigurationIsVisible = 0;
			defaultConfigurationName = Release;
		};
		24B019AD213F5FC800E34292 /* Build configuration list for PBXNativeTarget "helloUITests" */ = {
			isa = XCConfigurationList;
			buildConfigurations = (
				24B019AE213F5FC800E34292 /* Debug */,
				24B019AF213F5FC800E34292 /* Release */,
			);
			defaultConfigurationIsVisible = 0;
			defaultConfigurationName = Release;
		};
/* End XCConfigurationList section */

/* Begin XCVersionGroup section */
		24B01986213F5FC700E34292 /* hello.xcdatamodeld */ = {
			isa = XCVersionGroup;
			children = (
				24B01987213F5FC700E34292 /* hello.xcdatamodel */,
			);
			currentVersion = 24B01987213F5FC700E34292 /* hello.xcdatamodel */;
			path = hello.xcdatamodeld;
			sourceTree = "<group>";
			versionGroupType = wrapper.xcdatamodel;
		};
/* End XCVersionGroup section */
	};
	rootObject = 24B01974213F5FC700E34292 /* Project object */;
}
